{
  "name": "projectile-typescript",
  "version": "1.0.0",
  "lockfileVersion": 1,
  "requires": true,
  "dependencies": {
    "@types/node": {
      "version": "14.0.6",
      "resolved": "https://registry.npmjs.org/@types/node/-/node-14.0.6.tgz",
      "integrity": "sha512-FbNmu4F67d3oZMWBV6Y4MaPER+0EpE9eIYf2yaHhCWovc1dlXCZkqGX4NLHfVVr6umt20TNBdRzrNJIzIKfdbw=="
    },
    "integrate-adaptive-simpson": {
      "version": "1.1.1",
      "resolved": "https://registry.npmjs.org/integrate-adaptive-simpson/-/integrate-adaptive-simpson-1.1.1.tgz",
      "integrity": "sha1-gWHL77UOQw0U/RVIlXUJK6sdLGk="
    },
    "newton-raphson-method": {
      "version": "1.0.2",
      "resolved": "https://registry.npmjs.org/newton-raphson-method/-/newton-raphson-method-1.0.2.tgz",
      "integrity": "sha512-UoBJJxNVVQhviRvled1bL76IjmPls4dNLPeF661FW2eNrv/pKKfRDpOdlN+vo9XamZvj8OMt/KtjOBTFN6I0gw=="
    },
    "typescript": {
      "version": "3.9.3",
      "resolved": "https://registry.npmjs.org/typescript/-/typescript-3.9.3.tgz",
      "integrity": "sha512-D/wqnB2xzNFIcoBG9FG8cXRDjiqSTbG2wd8DMZeQyJlP1vfTkIxH4GKveWaEBYySKIg+USu+E+EDIR47SqnaMQ=="
    }
  }
}
